
Microsoft Visual Studio Solution File, Format Version 12.00
# Visual Studio 15
VisualStudioVersion = 15.0.26730.10
MinimumVisualStudioVersion = 10.0.40219.1
Project("{FAE04EC0-301F-11D3-BF4B-00C04F79EFBC}") = "NetwProg", "NetwProg\NetwProg.csproj", "{DABCED95-DB77-4F08-B845-03F954030C86}"
EndProject
Global
	GlobalSection(SolutionConfigurationPlatforms) = preSolution
		Debug|Any CPU = Debug|Any CPU
		Release|Any CPU = Release|Any CPU
	EndGlobalSection
	GlobalSection(ProjectConfigurationPlatforms) = postSolution
		{DABCED95-DB77-4F08-B845-03F954030C86}.Debug|Any CPU.ActiveCfg = Debug|Any CPU
		{DABCED95-DB77-4F08-B845-03F954030C86}.Debug|Any CPU.Build.0 = Debug|Any CPU
		{DABCED95-DB77-4F08-B845-03F954030C86}.Release|Any CPU.ActiveCfg = Release|Any CPU
		{DABCED95-DB77-4F08-B845-03F954030C86}.Release|Any CPU.Build.0 = Release|Any CPU
	EndGlobalSection
	GlobalSection(SolutionProperties) = preSolution
		HideSolutionNode = FALSE
	EndGlobalSection
	GlobalSection(ExtensibilityGlobals) = postSolution
		SolutionGuid = {77DDAF71-4872-45C8-AD69-FD0AE8E1E519}
	EndGlobalSection
EndGlobal
